
Microsoft Visual Studio Solution File, Format Version 12.00
# Visual Studio Version 16
VisualStudioVersion = 16.0.31205.134
MinimumVisualStudioVersion = 10.0.40219.1
Project("{FAE04EC0-301F-11D3-BF4B-00C04F79EFBC}") = "ARMDataManager", "ARMDataManager\ARMDataManager.csproj", "{760C436A-5B00-46E4-8731-C9DCE7990489}"
EndProject
Project("{00D1A9C2-B5F0-4AF3-8072-F6C62B433612}") = "ARMData", "ARMData\ARMData.sqlproj", "{C88A2294-ED85-40E9-9CB3-AF8036633064}"
EndProject
Project("{FAE04EC0-301F-11D3-BF4B-00C04F79EFBC}") = "ARMDesktopUI", "ARMDesktopUI\ARMDesktopUI.csproj", "{3C8768C4-B3D2-4633-82E4-411D42F5A2D6}"
EndProject
Global
	GlobalSection(SolutionConfigurationPlatforms) = preSolution
		Debug|Any CPU = Debug|Any CPU
		Release|Any CPU = Release|Any CPU
	EndGlobalSection
	GlobalSection(ProjectConfigurationPlatforms) = postSolution
		{760C436A-5B00-46E4-8731-C9DCE7990489}.Debug|Any CPU.ActiveCfg = Debug|Any CPU
		{760C436A-5B00-46E4-8731-C9DCE7990489}.Debug|Any CPU.Build.0 = Debug|Any CPU
		{760C436A-5B00-46E4-8731-C9DCE7990489}.Release|Any CPU.ActiveCfg = Release|Any CPU
		{760C436A-5B00-46E4-8731-C9DCE7990489}.Release|Any CPU.Build.0 = Release|Any CPU
		{C88A2294-ED85-40E9-9CB3-AF8036633064}.Debug|Any CPU.ActiveCfg = Debug|Any CPU
		{C88A2294-ED85-40E9-9CB3-AF8036633064}.Debug|Any CPU.Build.0 = Debug|Any CPU
		{C88A2294-ED85-40E9-9CB3-AF8036633064}.Debug|Any CPU.Deploy.0 = Debug|Any CPU
		{C88A2294-ED85-40E9-9CB3-AF8036633064}.Release|Any CPU.ActiveCfg = Release|Any CPU
		{C88A2294-ED85-40E9-9CB3-AF8036633064}.Release|Any CPU.Build.0 = Release|Any CPU
		{C88A2294-ED85-40E9-9CB3-AF8036633064}.Release|Any CPU.Deploy.0 = Release|Any CPU
		{3C8768C4-B3D2-4633-82E4-411D42F5A2D6}.Debug|Any CPU.ActiveCfg = Debug|Any CPU
		{3C8768C4-B3D2-4633-82E4-411D42F5A2D6}.Debug|Any CPU.Build.0 = Debug|Any CPU
		{3C8768C4-B3D2-4633-82E4-411D42F5A2D6}.Release|Any CPU.ActiveCfg = Release|Any CPU
		{3C8768C4-B3D2-4633-82E4-411D42F5A2D6}.Release|Any CPU.Build.0 = Release|Any CPU
	EndGlobalSection
	GlobalSection(SolutionProperties) = preSolution
		HideSolutionNode = FALSE
	EndGlobalSection
	GlobalSection(ExtensibilityGlobals) = postSolution
		SolutionGuid = {A764ED87-5729-4796-8133-E16399198973}
	EndGlobalSection
EndGlobal
